
Microsoft Visual Studio Solution File, Format Version 12.00
# Visual Studio Version 16
VisualStudioVersion = 16.0.30517.126
MinimumVisualStudioVersion = 10.0.40219.1
Project("{FAE04EC0-301F-11D3-BF4B-00C04F79EFBC}") = "api2", "api2\api2.csproj", "{636819E1-2551-47A6-91EB-E53AF0B0EB19}"
EndProject
Global
	GlobalSection(SolutionConfigurationPlatforms) = preSolution
		Debug|Any CPU = Debug|Any CPU
		Release|Any CPU = Release|Any CPU
	EndGlobalSection
	GlobalSection(ProjectConfigurationPlatforms) = postSolution
		{636819E1-2551-47A6-91EB-E53AF0B0EB19}.Debug|Any CPU.ActiveCfg = Debug|Any CPU
		{636819E1-2551-47A6-91EB-E53AF0B0EB19}.Debug|Any CPU.Build.0 = Debug|Any CPU
		{636819E1-2551-47A6-91EB-E53AF0B0EB19}.Release|Any CPU.ActiveCfg = Release|Any CPU
		{636819E1-2551-47A6-91EB-E53AF0B0EB19}.Release|Any CPU.Build.0 = Release|Any CPU
	EndGlobalSection
	GlobalSection(SolutionProperties) = preSolution
		HideSolutionNode = FALSE
	EndGlobalSection
	GlobalSection(ExtensibilityGlobals) = postSolution
		SolutionGuid = {CF9A8658-34DB-4263-ABF7-ADB4E196C8C1}
	EndGlobalSection
EndGlobal
